
Microsoft Visual Studio Solution File, Format Version 12.00
# Visual Studio Version 17
VisualStudioVersion = 17.11.35222.181
MinimumVisualStudioVersion = 15.0.26124.0
Project("{2150E333-8FDC-42A3-9474-1A3956D46DE8}") = "Solution Items", "Solution Items", "{3C66E9E0-C690-4554-8592-B3B2589F7DA6}"
	ProjectSection(SolutionItems) = preProject
		.editorconfig = .editorconfig
		.gitignore = .gitignore
		README.md = README.md
	EndProjectSection
EndProject
Project("{9A19103F-16F7-4668-BE54-9A1E7A4F7556}") = "UploadStreamToQuestDB.Application", "UploadStreamToQuestDB.Application\UploadStreamToQuestDB.Application.csproj", "{3D9AFEC1-C7D8-42E9-99D6-535B5FF9779B}"
EndProject
Project("{9A19103F-16F7-4668-BE54-9A1E7A4F7556}") = "UploadStreamToQuestDB.API", "UploadStreamToQuestDB.Api\UploadStreamToQuestDB.API.csproj", "{79B428B2-FAFC-4E01-8E68-C6A6C67B24C7}"
EndProject
Project("{9A19103F-16F7-4668-BE54-9A1E7A4F7556}") = "UploadStreamToQuestDB.Domain", "UploadStreamToQuestDB.Domain\UploadStreamToQuestDB.Domain.csproj", "{FBAA7ECC-64DC-46FA-8D07-2690190B711C}"
EndProject
Project("{9A19103F-16F7-4668-BE54-9A1E7A4F7556}") = "UploadStreamToQuestDB.Infrastructure", "UploadStreamToQuestDB.Infrastructure\UploadStreamToQuestDB.Infrastructure.csproj", "{187C7EB1-1936-4E34-A0F6-7D974B39BE47}"
EndProject
Project("{2150E333-8FDC-42A3-9474-1A3956D46DE8}") = "Demo Data", "Demo Data", "{C99590E4-7F50-4A10-9565-BA2EE91E9DD2}"
	ProjectSection(SolutionItems) = preProject
		produkt_zehn_min_tu_19930428_19991231_00003 — kopia (3).txt = produkt_zehn_min_tu_19930428_19991231_00003 — kopia (3).txt
	EndProjectSection
EndProject
Global
	GlobalSection(SolutionConfigurationPlatforms) = preSolution
		Debug|Any CPU = Debug|Any CPU
		Debug|x64 = Debug|x64
		Debug|x86 = Debug|x86
		Release|Any CPU = Release|Any CPU
		Release|x64 = Release|x64
		Release|x86 = Release|x86
	EndGlobalSection
	GlobalSection(ProjectConfigurationPlatforms) = postSolution
		{3D9AFEC1-C7D8-42E9-99D6-535B5FF9779B}.Debug|Any CPU.ActiveCfg = Debug|Any CPU
		{3D9AFEC1-C7D8-42E9-99D6-535B5FF9779B}.Debug|Any CPU.Build.0 = Debug|Any CPU
		{3D9AFEC1-C7D8-42E9-99D6-535B5FF9779B}.Debug|x64.ActiveCfg = Debug|Any CPU
		{3D9AFEC1-C7D8-42E9-99D6-535B5FF9779B}.Debug|x64.Build.0 = Debug|Any CPU
		{3D9AFEC1-C7D8-42E9-99D6-535B5FF9779B}.Debug|x86.ActiveCfg = Debug|Any CPU
		{3D9AFEC1-C7D8-42E9-99D6-535B5FF9779B}.Debug|x86.Build.0 = Debug|Any CPU
		{3D9AFEC1-C7D8-42E9-99D6-535B5FF9779B}.Release|Any CPU.ActiveCfg = Release|Any CPU
		{3D9AFEC1-C7D8-42E9-99D6-535B5FF9779B}.Release|Any CPU.Build.0 = Release|Any CPU
		{3D9AFEC1-C7D8-42E9-99D6-535B5FF9779B}.Release|x64.ActiveCfg = Release|Any CPU
		{3D9AFEC1-C7D8-42E9-99D6-535B5FF9779B}.Release|x64.Build.0 = Release|Any CPU
		{3D9AFEC1-C7D8-42E9-99D6-535B5FF9779B}.Release|x86.ActiveCfg = Release|Any CPU
		{3D9AFEC1-C7D8-42E9-99D6-535B5FF9779B}.Release|x86.Build.0 = Release|Any CPU
		{79B428B2-FAFC-4E01-8E68-C6A6C67B24C7}.Debug|Any CPU.ActiveCfg = Debug|Any CPU
		{79B428B2-FAFC-4E01-8E68-C6A6C67B24C7}.Debug|Any CPU.Build.0 = Debug|Any CPU
		{79B428B2-FAFC-4E01-8E68-C6A6C67B24C7}.Debug|x64.ActiveCfg = Debug|Any CPU
		{79B428B2-FAFC-4E01-8E68-C6A6C67B24C7}.Debug|x64.Build.0 = Debug|Any CPU
		{79B428B2-FAFC-4E01-8E68-C6A6C67B24C7}.Debug|x86.ActiveCfg = Debug|Any CPU
		{79B428B2-FAFC-4E01-8E68-C6A6C67B24C7}.Debug|x86.Build.0 = Debug|Any CPU
		{79B428B2-FAFC-4E01-8E68-C6A6C67B24C7}.Release|Any CPU.ActiveCfg = Release|Any CPU
		{79B428B2-FAFC-4E01-8E68-C6A6C67B24C7}.Release|Any CPU.Build.0 = Release|Any CPU
		{79B428B2-FAFC-4E01-8E68-C6A6C67B24C7}.Release|x64.ActiveCfg = Release|Any CPU
		{79B428B2-FAFC-4E01-8E68-C6A6C67B24C7}.Release|x64.Build.0 = Release|Any CPU
		{79B428B2-FAFC-4E01-8E68-C6A6C67B24C7}.Release|x86.ActiveCfg = Release|Any CPU
		{79B428B2-FAFC-4E01-8E68-C6A6C67B24C7}.Release|x86.Build.0 = Release|Any CPU
		{FBAA7ECC-64DC-46FA-8D07-2690190B711C}.Debug|Any CPU.ActiveCfg = Debug|Any CPU
		{FBAA7ECC-64DC-46FA-8D07-2690190B711C}.Debug|Any CPU.Build.0 = Debug|Any CPU
		{FBAA7ECC-64DC-46FA-8D07-2690190B711C}.Debug|x64.ActiveCfg = Debug|Any CPU
		{FBAA7ECC-64DC-46FA-8D07-2690190B711C}.Debug|x64.Build.0 = Debug|Any CPU
		{FBAA7ECC-64DC-46FA-8D07-2690190B711C}.Debug|x86.ActiveCfg = Debug|Any CPU
		{FBAA7ECC-64DC-46FA-8D07-2690190B711C}.Debug|x86.Build.0 = Debug|Any CPU
		{FBAA7ECC-64DC-46FA-8D07-2690190B711C}.Release|Any CPU.ActiveCfg = Release|Any CPU
		{FBAA7ECC-64DC-46FA-8D07-2690190B711C}.Release|Any CPU.Build.0 = Release|Any CPU
		{FBAA7ECC-64DC-46FA-8D07-2690190B711C}.Release|x64.ActiveCfg = Release|Any CPU
		{FBAA7ECC-64DC-46FA-8D07-2690190B711C}.Release|x64.Build.0 = Release|Any CPU
		{FBAA7ECC-64DC-46FA-8D07-2690190B711C}.Release|x86.ActiveCfg = Release|Any CPU
		{FBAA7ECC-64DC-46FA-8D07-2690190B711C}.Release|x86.Build.0 = Release|Any CPU
		{187C7EB1-1936-4E34-A0F6-7D974B39BE47}.Debug|Any CPU.ActiveCfg = Debug|Any CPU
		{187C7EB1-1936-4E34-A0F6-7D974B39BE47}.Debug|Any CPU.Build.0 = Debug|Any CPU
		{187C7EB1-1936-4E34-A0F6-7D974B39BE47}.Debug|x64.ActiveCfg = Debug|Any CPU
		{187C7EB1-1936-4E34-A0F6-7D974B39BE47}.Debug|x64.Build.0 = Debug|Any CPU
		{187C7EB1-1936-4E34-A0F6-7D974B39BE47}.Debug|x86.ActiveCfg = Debug|Any CPU
		{187C7EB1-1936-4E34-A0F6-7D974B39BE47}.Debug|x86.Build.0 = Debug|Any CPU
		{187C7EB1-1936-4E34-A0F6-7D974B39BE47}.Release|Any CPU.ActiveCfg = Release|Any CPU
		{187C7EB1-1936-4E34-A0F6-7D974B39BE47}.Release|Any CPU.Build.0 = Release|Any CPU
		{187C7EB1-1936-4E34-A0F6-7D974B39BE47}.Release|x64.ActiveCfg = Release|Any CPU
		{187C7EB1-1936-4E34-A0F6-7D974B39BE47}.Release|x64.Build.0 = Release|Any CPU
		{187C7EB1-1936-4E34-A0F6-7D974B39BE47}.Release|x86.ActiveCfg = Release|Any CPU
		{187C7EB1-1936-4E34-A0F6-7D974B39BE47}.Release|x86.Build.0 = Release|Any CPU
	EndGlobalSection
	GlobalSection(SolutionProperties) = preSolution
		HideSolutionNode = FALSE
	EndGlobalSection
	GlobalSection(ExtensibilityGlobals) = postSolution
		SolutionGuid = {79B2131E-3E25-4AEE-ADD1-33440F469E49}
	EndGlobalSection
EndGlobal
